
Microsoft Visual Studio Solution File, Format Version 12.00
# Visual Studio Version 16
VisualStudioVersion = 25.0.1704.2
MinimumVisualStudioVersion = 10.0.40219.1
Project("{FAE04EC0-301F-11D3-BF4B-00C04F79EFBC}") = "BTB.Importer", "BTB.Importer\BTB.Importer.csproj", "{A94EE92F-7FCF-41FF-9B27-8E06ABE0A620}"
EndProject
Global
	GlobalSection(SolutionConfigurationPlatforms) = preSolution
		Debug|Any CPU = Debug|Any CPU
		Release|Any CPU = Release|Any CPU
	EndGlobalSection
	GlobalSection(ProjectConfigurationPlatforms) = postSolution
		{A94EE92F-7FCF-41FF-9B27-8E06ABE0A620}.Debug|Any CPU.ActiveCfg = Debug|Any CPU
		{A94EE92F-7FCF-41FF-9B27-8E06ABE0A620}.Debug|Any CPU.Build.0 = Debug|Any CPU
		{A94EE92F-7FCF-41FF-9B27-8E06ABE0A620}.Release|Any CPU.ActiveCfg = Release|Any CPU
		{A94EE92F-7FCF-41FF-9B27-8E06ABE0A620}.Release|Any CPU.Build.0 = Release|Any CPU
	EndGlobalSection
	GlobalSection(SolutionProperties) = preSolution
		HideSolutionNode = FALSE
	EndGlobalSection
	GlobalSection(ExtensibilityGlobals) = postSolution
		SolutionGuid = {6C751187-B82C-4635-BFA0-902153C08984}
	EndGlobalSection
EndGlobal
